
Microsoft Visual Studio Solution File, Format Version 12.00
# Visual Studio 14
VisualStudioVersion = 14.0.25420.1
MinimumVisualStudioVersion = 10.0.40219.1
Project("{8BC9CEB8-8B4A-11D0-8D11-00A0C91BC942}") = "Las", "Las\Las.vcxproj", "{CD4BA00D-0B69-4E1E-986F-B489E0C2BA79}"
EndProject
Global
	GlobalSection(SolutionConfigurationPlatforms) = preSolution
		Debug|x64 = Debug|x64
		Debug|x86 = Debug|x86
		Release|x64 = Release|x64
		Release|x86 = Release|x86
	EndGlobalSection
	GlobalSection(ProjectConfigurationPlatforms) = postSolution
		{CD4BA00D-0B69-4E1E-986F-B489E0C2BA79}.Debug|x64.ActiveCfg = Debug|x64
		{CD4BA00D-0B69-4E1E-986F-B489E0C2BA79}.Debug|x64.Build.0 = Debug|x64
		{CD4BA00D-0B69-4E1E-986F-B489E0C2BA79}.Debug|x86.ActiveCfg = Debug|Win32
		{CD4BA00D-0B69-4E1E-986F-B489E0C2BA79}.Debug|x86.Build.0 = Debug|Win32
		{CD4BA00D-0B69-4E1E-986F-B489E0C2BA79}.Release|x64.ActiveCfg = Release|x64
		{CD4BA00D-0B69-4E1E-986F-B489E0C2BA79}.Release|x64.Build.0 = Release|x64
		{CD4BA00D-0B69-4E1E-986F-B489E0C2BA79}.Release|x86.ActiveCfg = Release|Win32
		{CD4BA00D-0B69-4E1E-986F-B489E0C2BA79}.Release|x86.Build.0 = Release|Win32
	EndGlobalSection
	GlobalSection(SolutionProperties) = preSolution
		HideSolutionNode = FALSE
	EndGlobalSection
EndGlobal
